{
	"name": "example",
	"lockfileVersion": 3,
	"requires": true,
	"packages": {
		"": {
			"dependencies": {
				"@robertakarobin/util": "file:../"
			},
			"devDependencies": {
				"@robertakarobin/csslint": "file:../csslint",
				"@robertakarobin/eslint-config-html": "file:../eslint-config-html",
				"@robertakarobin/eslint-config-ts": "file:../eslint-config-ts",
				"diff": "^9.0.0"
			}
		},
		"..": {
			"name": "@robertakarobin/util",
			"version": "0.0.424",
			"devDependencies": {
				"@robertakarobin/csslint": "file:./csslint",
				"@robertakarobin/eslint-config": "file:./eslint-config",
				"@robertakarobin/eslint-config-jsdoc": "file:./eslint-config-jsdoc",
				"@robertakarobin/eslint-config-json": "file:./eslint-config-json",
				"@robertakarobin/eslint-config-ts": "file:./eslint-config-ts",
				"@types/node": "^26.1.2",
				"diff": "^9.0.0",
				"glob": "^13.0.6",
				"husky": "^9.1.7",
				"npm-check-updates": "^23.0.1",
				"tsx": "^4.23.5"
			},
			"engines": {
				"node": "24.19.0"
			}
		},
		"../csslint": {
			"name": "@robertakarobin/csslint",
			"version": "0.0.32",
			"dev": true,
			"dependencies": {
				"@stylistic/stylelint-plugin": "^5.2.1",
				"postcss": "^8.5.25",
				"postcss-html": "^2.0.0",
				"postcss-lit": "^1.4.1",
				"postcss-nested": "^8.0.1",
				"stylelint": "^17.14.1",
				"stylelint-order": "^8.1.1"
			},
			"bin": {
				"cssjs": "bin/cssjs.js",
				"cssts": "bin/cssts.sh"
			}
		},
		"../eslint-config-html": {
			"name": "@robertakarobin/eslint-config-html",
			"version": "0.0.1",
			"dev": true,
			"dependencies": {
				"@html-eslint/eslint-plugin": "^0.64.0",
				"@html-eslint/parser": "^0.64.0"
			},
			"devDependencies": {
				"@html-eslint/types": "^0.64.0"
			}
		},
		"../eslint-config-ts": {
			"name": "@robertakarobin/eslint-config-ts",
			"version": "0.0.49",
			"dev": true,
			"dependencies": {
				"@robertakarobin/eslint-config": "^0.0.29",
				"@stylistic/eslint-plugin-ts": "^4.4.1",
				"typescript": "<6.1.0",
				"typescript-eslint": "^8.66.0"
			},
			"devDependencies": {
				"@robertakarobin/eslint-config": "file:../eslint-config",
				"@typescript-eslint/rule-tester": "^8.66.0"
			}
		},
		"node_modules/@robertakarobin/csslint": {
			"resolved": "../csslint",
			"link": true
		},
		"node_modules/@robertakarobin/eslint-config-html": {
			"resolved": "../eslint-config-html",
			"link": true
		},
		"node_modules/@robertakarobin/eslint-config-ts": {
			"resolved": "../eslint-config-ts",
			"link": true
		},
		"node_modules/@robertakarobin/util": {
			"resolved": "..",
			"link": true
		},
		"node_modules/diff": {
			"version": "9.0.0",
			"resolved": "https://registry.npmjs.org/diff/-/diff-9.0.0.tgz",
			"integrity": "sha512-svtcdpS8CgJyqAjEQIXdb3OjhFVVYjzGAPO8WGCmRbrml64SPw/jJD4GoE98aR7r25A0XcgrK3F02yw9R/vhQw==",
			"dev": true,
			"license": "BSD-3-Clause",
			"engines": {
				"node": ">=0.3.1"
			}
		}
	}
}
