{
	"name": "example",
	"lockfileVersion": 3,
	"requires": true,
	"packages": {
		"": {
			"dependencies": {
				"@robertakarobin/util": "file:../",
				"@robertakarobin/util-components-build-deps": "file:../util-components-build-deps"
			},
			"devDependencies": {
				"@robertakarobin/csslint": "file:../csslint",
				"@robertakarobin/eslint-config-ts": "file:../eslint-config-ts",
				"diff": "^5.2.0"
			}
		},
		"..": {
			"version": "0.0.423",
			"devDependencies": {
				"@robertakarobin/csslint": "file:./csslint",
				"@robertakarobin/eslint-config": "file:./eslint-config",
				"@robertakarobin/eslint-config-ts": "file:./eslint-config-ts",
				"@robertakarobin/util-components-build-deps": "^0.0.2",
				"@types/diff": "^5.2.1",
				"diff": "^5.2.0",
				"glob": "^10.3.15",
				"husky": "^9.0.11",
				"npm-check-updates": "^16.14.20",
				"tsx": "^4.10.5"
			}
		},
		"../csslint": {
			"version": "0.0.32",
			"dev": true,
			"dependencies": {
				"@stylistic/stylelint-config": "^1.0.1",
				"@stylistic/stylelint-plugin": "^2.1.2",
				"postcss": "^8.4.38",
				"postcss-html": "^1.7.0",
				"postcss-lit": "^1.1.1",
				"postcss-nested": "^6.0.1",
				"stylelint": "^16.6.1",
				"stylelint-config-standard": "^36.0.0",
				"stylelint-order": "^6.0.4"
			},
			"bin": {
				"cssjs": "bin/cssjs.js",
				"cssts": "bin/cssts.sh"
			}
		},
		"../eslint-config-ts": {
			"version": "0.0.48",
			"dev": true,
			"dependencies": {
				"@robertakarobin/eslint-config": "^0.0.27",
				"@types/node": "^20.14.0",
				"@typescript-eslint/eslint-plugin": "^7.11.0",
				"@typescript-eslint/parser": "^7.11.0"
			}
		},
		"../util-components-build-deps": {
			"version": "0.0.2",
			"dependencies": {
				"@types/jsdom": "^21.1.6",
				"esbuild": "^0.21.3",
				"jsdom": "^24.0.0"
			}
		},
		"node_modules/@robertakarobin/csslint": {
			"resolved": "../csslint",
			"link": true
		},
		"node_modules/@robertakarobin/eslint-config-ts": {
			"resolved": "../eslint-config-ts",
			"link": true
		},
		"node_modules/@robertakarobin/util": {
			"resolved": "..",
			"link": true
		},
		"node_modules/@robertakarobin/util-components-build-deps": {
			"resolved": "../util-components-build-deps",
			"link": true
		},
		"node_modules/diff": {
			"version": "5.2.0",
			"resolved": "https://registry.npmjs.org/diff/-/diff-5.2.0.tgz",
			"integrity": "sha512-uIFDxqpRZGZ6ThOk84hEfqWoHx2devRFvpTZcTHur85vImfaxUbTW9Ryh4CpCuDnToOP1CEtXKIgytHBPVff5A==",
			"dev": true,
			"engines": {
				"node": ">=0.3.1"
			}
		}
	}
}
