{
	"name": "example",
	"lockfileVersion": 3,
	"requires": true,
	"packages": {
		"": {
			"dependencies": {
				"@robertakarobin/util": "file:../",
				"@robertakarobin/web": "file:../web"
			},
			"devDependencies": {
				"@robertakarobin/csslint": "file:../csslint",
				"@robertakarobin/eslint-config-ts": "file:../eslint-config-ts",
				"@robertakarobin/htmlvalidate": "file:../htmlvalidate",
				"diff": "^5.1.0"
			}
		},
		"..": {
			"version": "0.0.260",
			"devDependencies": {
				"@robertakarobin/csslint": "file:./csslint",
				"@robertakarobin/eslint-config-ts": "file:./eslint-config-ts",
				"@robertakarobin/htmlvalidate": "file:./htmlvalidate",
				"@types/diff": "^5.0.9",
				"diff": "^5.1.0",
				"husky": "^8.0.3",
				"npm-check-updates": "^16.14.12",
				"tsx": "^4.7.0"
			}
		},
		"../csslint": {
			"version": "0.0.20",
			"dev": true,
			"dependencies": {
				"@stylistic/stylelint-config": "^1.0.1",
				"@stylistic/stylelint-plugin": "^2.0.0",
				"postcss-html": "^1.6.0",
				"stylelint": "^16.1.0",
				"stylelint-config-standard": "^36.0.0",
				"stylelint-order": "^6.0.4"
			}
		},
		"../eslint-config-ts": {
			"version": "0.0.36",
			"dev": true,
			"dependencies": {
				"@robertakarobin/eslint-config": "^0.0.17",
				"@types/node": "^20.11.2",
				"@typescript-eslint/eslint-plugin": "^6.19.0",
				"@typescript-eslint/parser": "^6.19.0",
				"eslint-plugin-typescript-sort-keys": "^3.1.0"
			}
		},
		"../htmlvalidate": {
			"version": "0.0.5",
			"dev": true,
			"dependencies": {
				"html-validate": "^8.9.1"
			}
		},
		"../web": {
			"version": "0.0.107",
			"dependencies": {
				"@robertakarobin/util": "file:../",
				"@types/js-beautify": "^1.14.3",
				"@types/jsdom": "^21.1.6",
				"esbuild": "^0.19.11",
				"glob": "^10.3.10",
				"js-beautify": "^1.14.11",
				"jsdom": "^23.2.0",
				"marked": "^11.1.1"
			}
		},
		"node_modules/@robertakarobin/csslint": {
			"resolved": "../csslint",
			"link": true
		},
		"node_modules/@robertakarobin/eslint-config-ts": {
			"resolved": "../eslint-config-ts",
			"link": true
		},
		"node_modules/@robertakarobin/htmlvalidate": {
			"resolved": "../htmlvalidate",
			"link": true
		},
		"node_modules/@robertakarobin/util": {
			"resolved": "..",
			"link": true
		},
		"node_modules/@robertakarobin/web": {
			"resolved": "../web",
			"link": true
		},
		"node_modules/diff": {
			"version": "5.1.0",
			"resolved": "https://registry.npmjs.org/diff/-/diff-5.1.0.tgz",
			"integrity": "sha512-D+mk+qE8VC/PAUrlAU34N+VfXev0ghe5ywmpqrawphmVZc1bEfn56uo9qpyGp1p4xpzOHkSW4ztBd6L7Xx4ACw==",
			"dev": true,
			"engines": {
				"node": ">=0.3.1"
			}
		}
	}
}
