{
	"name": "@robertakarobin/emit",
	"version": "0.0.1",
	"lockfileVersion": 3,
	"requires": true,
	"packages": {
		"": {
			"name": "@robertakarobin/emit",
			"version": "0.0.1",
			"devDependencies": {
				"@robertakarobin/spec": "^0.0.2"
			}
		},
		"node_modules/@robertakarobin/jsutil": {
			"version": "0.0.1",
			"resolved": "https://registry.npmjs.org/@robertakarobin/jsutil/-/jsutil-0.0.1.tgz",
			"integrity": "sha512-9cc+nlCNzcHSUiqlZNPNOqvAZibfFDe+BbnFgpHbZpXzKwEVOdUiWpASXVjCu7yU/XJVtP2lmfHWXukmVl16mA==",
			"dev": true
		},
		"node_modules/@robertakarobin/spec": {
			"version": "0.0.2",
			"resolved": "https://registry.npmjs.org/@robertakarobin/spec/-/spec-0.0.2.tgz",
			"integrity": "sha512-vttiqdNAmb9e2pLaVW69WxrvB7X5sRBMHZXH2qH5jW2UjG4yeegArKAJiEoGkWqGUqP2Di9jMHqCFmotCvLHMg==",
			"dev": true,
			"dependencies": {
				"@robertakarobin/jsutil": "^0.0.1"
			}
		}
	}
}
