{
	"name": "@robertakarobin/emit",
	"version": "0.0.5",
	"lockfileVersion": 3,
	"requires": true,
	"packages": {
		"": {
			"name": "@robertakarobin/emit",
			"version": "0.0.5",
			"devDependencies": {
				"@robertakarobin/spec": "^0.0.6"
			}
		},
		"node_modules/@robertakarobin/jsutil": {
			"version": "0.0.5",
			"resolved": "https://registry.npmjs.org/@robertakarobin/jsutil/-/jsutil-0.0.5.tgz",
			"integrity": "sha512-7bqpjiQvjfeIZS30Jkb2oOyRnW/8X2iWpTqdMsZyHa8+o0N8ovto0kBI/a1pQuj5oTOJ8gYpwhwEstCB5DSnGA==",
			"dev": true
		},
		"node_modules/@robertakarobin/spec": {
			"version": "0.0.6",
			"resolved": "https://registry.npmjs.org/@robertakarobin/spec/-/spec-0.0.6.tgz",
			"integrity": "sha512-OEDQEwG546uGPdBmNqpVJhqmtYkO2x/2dKJSvbfWvIIePyPOme+7efY7MlRM1iGa/eOa/pf4JWQ0jI22ZMf4Dg==",
			"dev": true,
			"dependencies": {
				"@robertakarobin/jsutil": "^0.0.5"
			}
		}
	}
}
