{
	"name": "@robertakarobin/eslint-config-json",
	"version": "0.0.1",
	"lockfileVersion": 3,
	"requires": true,
	"packages": {
		"": {
			"name": "@robertakarobin/eslint-config-json",
			"version": "0.0.1",
			"dependencies": {
				"@eslint/json": "^2.0.1"
			}
		},
		"node_modules/@eslint/core": {
			"version": "1.2.1",
			"resolved": "https://registry.npmjs.org/@eslint/core/-/core-1.2.1.tgz",
			"integrity": "sha512-MwcE1P+AZ4C6DWlpin/OmOA54mmIZ/+xZuJiQd4SyB29oAJjN30UW9wkKNptW2ctp4cEsvhlLY/CsQ1uoHDloQ==",
			"license": "Apache-2.0",
			"dependencies": {
				"@types/json-schema": "^7.0.15"
			},
			"engines": {
				"node": "^20.19.0 || ^22.13.0 || >=24"
			}
		},
		"node_modules/@eslint/json": {
			"version": "2.0.1",
			"resolved": "https://registry.npmjs.org/@eslint/json/-/json-2.0.1.tgz",
			"integrity": "sha512-Thz2j92ceUF3Bq/0TuWb3MWn3Z+Cwc8k5ptF0fakl2D4Mp8mSx07Xr1aQM4R5NoihzarWUdxfOmQ8DesGy4jOg==",
			"license": "Apache-2.0",
			"dependencies": {
				"@eslint/core": "^1.2.1",
				"@eslint/plugin-kit": "^0.7.2",
				"@humanwhocodes/momoa": "^3.3.10",
				"natural-compare": "^1.4.0"
			},
			"engines": {
				"node": "^20.19.0 || ^22.13.0 || >=24"
			}
		},
		"node_modules/@eslint/plugin-kit": {
			"version": "0.7.2",
			"resolved": "https://registry.npmjs.org/@eslint/plugin-kit/-/plugin-kit-0.7.2.tgz",
			"integrity": "sha512-+CNAzxglkrpNf/kKywqQfk74QjtceuOE7Qm+AF8miRvPF/wmmK5+OJOgVh3AVTT3RP2mH3+FOaxlE5v72owk0A==",
			"license": "Apache-2.0",
			"dependencies": {
				"@eslint/core": "^1.2.1",
				"levn": "^0.4.1"
			},
			"engines": {
				"node": "^20.19.0 || ^22.13.0 || >=24"
			}
		},
		"node_modules/@humanwhocodes/momoa": {
			"version": "3.3.10",
			"resolved": "https://registry.npmjs.org/@humanwhocodes/momoa/-/momoa-3.3.10.tgz",
			"integrity": "sha512-KWiFQpSAqEIyrTXko3hFNLeQvSK8zXlJQzhhxsyVn58WFRYXST99b3Nqnu+ttOtjds2Pl2grUHGpe2NzhPynuQ==",
			"license": "Apache-2.0",
			"engines": {
				"node": ">=18"
			}
		},
		"node_modules/@types/json-schema": {
			"version": "7.0.15",
			"resolved": "https://registry.npmjs.org/@types/json-schema/-/json-schema-7.0.15.tgz",
			"integrity": "sha512-5+fP8P8MFNC+AyZCDxrB2pkZFPGzqQWUzpSeuuVLvm8VMcorNYavBqoFcxK8bQz4Qsbn4oUEEem4wDLfcysGHA==",
			"license": "MIT"
		},
		"node_modules/levn": {
			"version": "0.4.1",
			"resolved": "https://registry.npmjs.org/levn/-/levn-0.4.1.tgz",
			"integrity": "sha512-+bT2uH4E5LGE7h/n3evcS/sQlJXCpIp6ym8OWJ5eV6+67Dsql/LaaT7qJBAt2rzfoa/5QBGBhxDix1dMt2kQKQ==",
			"license": "MIT",
			"dependencies": {
				"prelude-ls": "^1.2.1",
				"type-check": "~0.4.0"
			},
			"engines": {
				"node": ">= 0.8.0"
			}
		},
		"node_modules/natural-compare": {
			"version": "1.4.0",
			"resolved": "https://registry.npmjs.org/natural-compare/-/natural-compare-1.4.0.tgz",
			"integrity": "sha512-OWND8ei3VtNC9h7V60qff3SVobHr996CTwgxubgyQYEpg290h9J0buyECNNJexkFm5sOajh5G116RYA1c8ZMSw==",
			"license": "MIT"
		},
		"node_modules/prelude-ls": {
			"version": "1.2.1",
			"resolved": "https://registry.npmjs.org/prelude-ls/-/prelude-ls-1.2.1.tgz",
			"integrity": "sha512-vkcDPrRZo1QZLbn5RLGPpg/WmIQ65qoWWhcGKf/b5eplkkarX0m9z8ppCat4mlOqUsWpyNuYgO3VRyrYHSzX5g==",
			"license": "MIT",
			"engines": {
				"node": ">= 0.8.0"
			}
		},
		"node_modules/type-check": {
			"version": "0.4.0",
			"resolved": "https://registry.npmjs.org/type-check/-/type-check-0.4.0.tgz",
			"integrity": "sha512-XleUoc9uwGXqjWwXaUTZAmzMcFZ5858QA2vvx1Ur5xIcixXIP+8LnFDgRplU30us6teqdlskFfu+ae4K79Ooew==",
			"license": "MIT",
			"dependencies": {
				"prelude-ls": "^1.2.1"
			},
			"engines": {
				"node": ">= 0.8.0"
			}
		}
	}
}
