{
	"name": "@robertakarobin/eslint-config-json",
	"version": "0.0.1",
	"lockfileVersion": 3,
	"requires": true,
	"packages": {
		"": {
			"name": "@robertakarobin/eslint-config-json",
			"version": "0.0.1",
			"dependencies": {
				"@eslint/json": "file:../../eslint-json"
			}
		},
		"../../eslint-json": {
			"name": "@eslint/json",
			"version": "0.9.0",
			"license": "Apache-2.0",
			"dependencies": {
				"@eslint/plugin-kit": "^0.2.3",
				"@humanwhocodes/momoa": "^3.3.4"
			},
			"devDependencies": {
				"@eslint/core": "^0.6.0",
				"@types/eslint": "^8.56.10",
				"c8": "^9.1.0",
				"dedent": "^1.5.3",
				"eslint": "^9.11.1",
				"eslint-config-eslint": "^11.0.0",
				"eslint-plugin-eslint-plugin": "^6.3.2",
				"got": "^14.4.2",
				"lint-staged": "^15.2.7",
				"mocha": "^10.4.0",
				"prettier": "^3.4.1",
				"rollup": "^4.16.2",
				"rollup-plugin-copy": "^3.5.0",
				"typescript": "^5.4.5",
				"yorkie": "^2.0.0"
			},
			"engines": {
				"node": "^18.18.0 || ^20.9.0 || >=21.1.0"
			},
			"peerDependencies": {
				"natural-compare": "*"
			}
		},
		"node_modules/@eslint/json": {
			"resolved": "../../eslint-json",
			"link": true
		}
	}
}
