{
	"name": "example",
	"lockfileVersion": 3,
	"requires": true,
	"packages": {
		"": {
			"devDependencies": {
				"@robertakarobin/web": "file:../"
			}
		},
		"..": {
			"name": "@robertakarobin/web",
			"version": "0.0.2",
			"dev": true,
			"dependencies": {
				"@robertakarobin/emit": "^0.0.1",
				"@robertakarobin/jsutil": "^0.0.1",
				"esbuild": "^0.19.5",
				"glob": "^10.3.10"
			},
			"devDependencies": {
				"@robertakarobin/spec": "^0.0.2"
			}
		},
		"node_modules/@robertakarobin/web": {
			"resolved": "..",
			"link": true
		}
	}
}
