{
	"name": "example",
	"lockfileVersion": 3,
	"requires": true,
	"packages": {
		"": {
			"devDependencies": {
				"@robertakarobin/web": "file:../"
			}
		},
		"..": {
			"version": "0.0.23",
			"dev": true,
			"dependencies": {
				"@robertakarobin/jsutil": "^0.0.12",
				"esbuild": "^0.19.7",
				"glob": "^10.3.10",
				"marked": "^10.0.0"
			},
			"devDependencies": {
				"@robertakarobin/spec": "^0.0.10",
				"@types/js-beautify": "^1.14.3",
				"html-validate": "^8.7.2",
				"js-beautify": "^1.14.11",
				"stylelint": "^15.11.0",
				"stylelint-order": "^6.0.3",
				"stylelint-stylistic": "^0.4.3"
			}
		},
		"node_modules/@robertakarobin/web": {
			"resolved": "..",
			"link": true
		}
	}
}
