{
  "name": "@robertakarobin/eslint-config-html",
  "version": "0.0.1",
  "lockfileVersion": 3,
  "requires": true,
  "packages": {
    "": {
      "name": "@robertakarobin/eslint-config-html",
      "version": "0.0.1",
      "dependencies": {
        "@html-eslint/eslint-plugin": "^0.32.0",
        "@html-eslint/parser": "^0.32.0"
      }
    },
    "node_modules/@html-eslint/eslint-plugin": {
      "version": "0.32.0",
      "resolved": "https://registry.npmjs.org/@html-eslint/eslint-plugin/-/eslint-plugin-0.32.0.tgz",
      "integrity": "sha512-pHY0kGlSUn9G3qsEB11c/nK0tfHTeKTU2Su5dH+muNv9lr5K7O6Mo1dzTr96PNzTBXsDIkRpZ2k1TdNmgDR7YA==",
      "license": "MIT",
      "dependencies": {
        "@html-eslint/template-parser": "^0.32.0"
      },
      "engines": {
        "node": "^12.22.0 || ^14.17.0 || >=16.0.0"
      }
    },
    "node_modules/@html-eslint/parser": {
      "version": "0.32.0",
      "resolved": "https://registry.npmjs.org/@html-eslint/parser/-/parser-0.32.0.tgz",
      "integrity": "sha512-XSrc3rlIakRlJmFO3EpcVAiwJMfTFvjRZrpFr2jhX1E/Zjd/jPuYbKKXaY6ZLpeRQDtexFiKU+r8pa9DT2pd0A==",
      "license": "MIT",
      "dependencies": {
        "es-html-parser": "^1.0.0-alpha.4"
      },
      "engines": {
        "node": ">=8.10.0"
      }
    },
    "node_modules/@html-eslint/template-parser": {
      "version": "0.32.0",
      "resolved": "https://registry.npmjs.org/@html-eslint/template-parser/-/template-parser-0.32.0.tgz",
      "integrity": "sha512-+p0EdxmSC3CERw3uHYo9aMw4y6+Rk8YeNzhJP5ewfXpB6qZEeB3XD/6vhiK0NheOh1meGdiKvbYLvaMULRIr5A==",
      "license": "MIT",
      "dependencies": {
        "es-html-parser": "^1.0.0-alpha.4"
      },
      "engines": {
        "node": "^12.22.0 || ^14.17.0 || >=16.0.0"
      }
    },
    "node_modules/es-html-parser": {
      "version": "1.0.0-alpha.4",
      "resolved": "https://registry.npmjs.org/es-html-parser/-/es-html-parser-1.0.0-alpha.4.tgz",
      "integrity": "sha512-5KUgd64goEPG1ZwP3rf/D+uAbdjyuNon0YY9u1yzR2NkFwa1UwxpsCQkzalAOlQaXAVtP32LGYRW4IAKAwo/sg==",
      "license": "MIT"
    }
  }
}
