{
  "name": "@robertakarobin/eslint-config-html",
  "version": "0.0.1",
  "lockfileVersion": 3,
  "requires": true,
  "packages": {
    "": {
      "name": "@robertakarobin/eslint-config-html",
      "version": "0.0.1",
      "dependencies": {
        "@html-eslint/eslint-plugin": "^0.31.1",
        "@html-eslint/parser": "^0.31.0"
      }
    },
    "node_modules/@html-eslint/eslint-plugin": {
      "version": "0.31.1",
      "resolved": "https://registry.npmjs.org/@html-eslint/eslint-plugin/-/eslint-plugin-0.31.1.tgz",
      "integrity": "sha512-1DaqJmHx9Dnx9qAkJTTEhrV3uzxwO6ON+uCOK/zg7abxgrtnr1VzZQ+mnSI82oFyv9dfoee6DH+fJ3WF/ocLqA==",
      "license": "MIT",
      "dependencies": {
        "@html-eslint/template-parser": "^0.31.0"
      },
      "engines": {
        "node": "^12.22.0 || ^14.17.0 || >=16.0.0"
      }
    },
    "node_modules/@html-eslint/parser": {
      "version": "0.31.0",
      "resolved": "https://registry.npmjs.org/@html-eslint/parser/-/parser-0.31.0.tgz",
      "integrity": "sha512-yBDMnk1XYNrA4nCSG2KGUAb2PQyajmQFfZQlZG8PVr3JxR/y8i45JIFsaxxBq3B5GtMOAIq2NEF604vl6LmzXA==",
      "license": "MIT",
      "dependencies": {
        "es-html-parser": "^1.0.0-alpha.4"
      },
      "engines": {
        "node": ">=8.10.0"
      }
    },
    "node_modules/@html-eslint/template-parser": {
      "version": "0.31.0",
      "resolved": "https://registry.npmjs.org/@html-eslint/template-parser/-/template-parser-0.31.0.tgz",
      "integrity": "sha512-y4r401OpWsUYmo934uC8E5iLdVJrs5JRuJmkCp6rkNGILDwxj0fOhVmis0rxaCdVgO1i7QQm7SyTIgy1JO3G+Q==",
      "license": "MIT",
      "dependencies": {
        "es-html-parser": "^1.0.0-alpha.4"
      },
      "engines": {
        "node": "^12.22.0 || ^14.17.0 || >=16.0.0"
      }
    },
    "node_modules/es-html-parser": {
      "version": "1.0.0-alpha.4",
      "resolved": "https://registry.npmjs.org/es-html-parser/-/es-html-parser-1.0.0-alpha.4.tgz",
      "integrity": "sha512-5KUgd64goEPG1ZwP3rf/D+uAbdjyuNon0YY9u1yzR2NkFwa1UwxpsCQkzalAOlQaXAVtP32LGYRW4IAKAwo/sg==",
      "license": "MIT"
    }
  }
}
