{
  "name": "@robertakarobin/eslint-config-html",
  "version": "0.0.1",
  "lockfileVersion": 3,
  "requires": true,
  "packages": {
    "": {
      "name": "@robertakarobin/eslint-config-html",
      "version": "0.0.1",
      "dependencies": {
        "@html-eslint/eslint-plugin": "^0.35.2",
        "@html-eslint/parser": "^0.35.2"
      },
      "devDependencies": {
        "@html-eslint/types": "^0.35.1"
      }
    },
    "node_modules/@html-eslint/eslint-plugin": {
      "version": "0.35.2",
      "resolved": "https://registry.npmjs.org/@html-eslint/eslint-plugin/-/eslint-plugin-0.35.2.tgz",
      "integrity": "sha512-7CFxSpzu55Og457dEAAcSU+L7PNeYbeHD8HXDmAmHlbBpKjUHVJkLe0pLfuC6eV6ZpV5K2N9qk5SVu2dPFCC/w==",
      "license": "MIT",
      "dependencies": {
        "@html-eslint/template-parser": "^0.35.2",
        "@html-eslint/template-syntax-parser": "^0.35.2"
      }
    },
    "node_modules/@html-eslint/parser": {
      "version": "0.35.2",
      "resolved": "https://registry.npmjs.org/@html-eslint/parser/-/parser-0.35.2.tgz",
      "integrity": "sha512-NEr63Ak4Fr+VdI0svNpaPwROoimuO6djCJ2FKtbDPpCSJslCSerbB3+jorhByBO3+XyaJH2uZul44EuXIPeq3Q==",
      "license": "MIT",
      "dependencies": {
        "@html-eslint/template-syntax-parser": "^0.35.2",
        "es-html-parser": "0.1.1"
      }
    },
    "node_modules/@html-eslint/template-parser": {
      "version": "0.35.2",
      "resolved": "https://registry.npmjs.org/@html-eslint/template-parser/-/template-parser-0.35.2.tgz",
      "integrity": "sha512-SauXPU4JO02Gf6sjHMZM4OFn4f2F6mRi0N6fZSPQaoBJqNL14Z4CXgN4QsvIAJ0zuDu9ssRR7TELFNZteTlS0w==",
      "license": "MIT",
      "dependencies": {
        "es-html-parser": "0.1.1"
      }
    },
    "node_modules/@html-eslint/template-syntax-parser": {
      "version": "0.35.2",
      "resolved": "https://registry.npmjs.org/@html-eslint/template-syntax-parser/-/template-syntax-parser-0.35.2.tgz",
      "integrity": "sha512-y+JAzuNVzFvsmgu9tz2wr2lY0brGwPnrUTUIFsIooAZFPjESg/4SfmCTzo8/Y7QquGsdzYvvO15UBgT2Jc/Pdg==",
      "license": "MIT"
    },
    "node_modules/@html-eslint/types": {
      "version": "0.35.1",
      "resolved": "https://registry.npmjs.org/@html-eslint/types/-/types-0.35.1.tgz",
      "integrity": "sha512-xVU8TzheOr0NyhgN82estTq5zEd1MuKHZv8aw4byvupYYZtgUgdn9U5pqz6cfpdcRSTkV3Gvo7BJ06OHaHRewQ==",
      "dev": true,
      "license": "MIT"
    },
    "node_modules/es-html-parser": {
      "version": "0.1.1",
      "resolved": "https://registry.npmjs.org/es-html-parser/-/es-html-parser-0.1.1.tgz",
      "integrity": "sha512-SNHdEpKkN4nWZ3sFq9AxPlaUzPKJewGh59JrVS2355vELTOFygyf/lbfDDIONuGvYrhvAHoaUd+sK9UGaGrKUg==",
      "license": "MIT"
    }
  }
}
