{
	"name": "@robertakarobin/jsutil",
	"version": "0.0.20",
	"lockfileVersion": 3,
	"requires": true,
	"packages": {
		"": {
			"name": "@robertakarobin/jsutil",
			"version": "0.0.20",
			"devDependencies": {
				"@robertakarobin/spec": "^0.0.10"
			}
		},
		"node_modules/@robertakarobin/jsutil": {
			"version": "0.0.10",
			"resolved": "https://registry.npmjs.org/@robertakarobin/jsutil/-/jsutil-0.0.10.tgz",
			"integrity": "sha512-HtJc0XwQZ1/wKcqPDZD69gpAuesWnSw0XSjkUtL4irTCUf/N5tgoYz3KgbKsDyEhG9X2HuvRNcHkNntnkifX2w==",
			"dev": true
		},
		"node_modules/@robertakarobin/spec": {
			"version": "0.0.10",
			"resolved": "https://registry.npmjs.org/@robertakarobin/spec/-/spec-0.0.10.tgz",
			"integrity": "sha512-cfb8JG5DFU8lVvHtzCmhfo77Ri61H2gZ63I/b14NyAw2glp790t6HB+G6g3GpNOY2+95RcXrHX4E1QtLRCS7xg==",
			"dev": true,
			"dependencies": {
				"@robertakarobin/jsutil": "^0.0.10"
			}
		}
	}
}
