{
	"name": "@robertakarobin/web",
	"lockfileVersion": 3,
	"requires": true,
	"packages": {
		"": {
			"name": "@robertakarobin/web",
			"dependencies": {
				"@robertakarobin/jsutil": "file:../jsutil"
			},
			"devDependencies": {
				"@robertakarobin/spec": "file:../spec"
			}
		},
		"../jsutil": {
			"version": "0.0.1"
		},
		"../spec": {
			"version": "0.0.1",
			"dev": true,
			"dependencies": {
				"@robertakarobin/jsutil": "file:../jsutil"
			},
			"devDependencies": {
				"@types/diff": "^5.0.7",
				"diff": "^5.1.0",
				"tsx": "^3.14.0"
			}
		},
		"node_modules/@robertakarobin/jsutil": {
			"resolved": "../jsutil",
			"link": true
		},
		"node_modules/@robertakarobin/spec": {
			"resolved": "../spec",
			"link": true
		}
	}
}
